
Microsoft Visual Studio Solution File, Format Version 12.00
# Visual Studio Version 17
VisualStudioVersion = 17.6.33815.320
MinimumVisualStudioVersion = 10.0.40219.1
Project("{FAE04EC0-301F-11D3-BF4B-00C04F79EFBC}") = "EAAddinTemplate", "EAAddinTemplate\EAAddinTemplate.csproj", "{E31D240A-8184-4188-BFC7-854346B9C8F2}"
EndProject
Global
	GlobalSection(SolutionConfigurationPlatforms) = preSolution
		Debug|Any CPU = Debug|Any CPU
		Release|Any CPU = Release|Any CPU
	EndGlobalSection
	GlobalSection(ProjectConfigurationPlatforms) = postSolution
		{E31D240A-8184-4188-BFC7-854346B9C8F2}.Debug|Any CPU.ActiveCfg = Debug|Any CPU
		{E31D240A-8184-4188-BFC7-854346B9C8F2}.Debug|Any CPU.Build.0 = Debug|Any CPU
		{E31D240A-8184-4188-BFC7-854346B9C8F2}.Release|Any CPU.ActiveCfg = Release|Any CPU
		{E31D240A-8184-4188-BFC7-854346B9C8F2}.Release|Any CPU.Build.0 = Release|Any CPU
	EndGlobalSection
	GlobalSection(SolutionProperties) = preSolution
		HideSolutionNode = FALSE
	EndGlobalSection
	GlobalSection(ExtensibilityGlobals) = postSolution
		SolutionGuid = {78113D74-E5FA-42CB-A07A-9D1114461CAE}
	EndGlobalSection
EndGlobal
